
Microsoft Visual Studio Solution File, Format Version 12.00
# Visual Studio Version 17
VisualStudioVersion = 17.8.34330.188
MinimumVisualStudioVersion = 10.0.40219.1
Project("{9A19103F-16F7-4668-BE54-9A1E7A4F7556}") = "CSharpBasic", "CSharpBasic\CSharpBasic.csproj", "{59F67E42-2B90-4A48-B226-A2156CC394B9}"
EndProject
Project("{FAE04EC0-301F-11D3-BF4B-00C04F79EFBC}") = "TestProject1", "TestProject1\TestProject1.csproj", "{D77D5FAE-0358-435D-AC75-6C3A6D283859}"
EndProject
Global
	GlobalSection(SolutionConfigurationPlatforms) = preSolution
		Debug|Any CPU = Debug|Any CPU
		Release|Any CPU = Release|Any CPU
	EndGlobalSection
	GlobalSection(ProjectConfigurationPlatforms) = postSolution
		{59F67E42-2B90-4A48-B226-A2156CC394B9}.Debug|Any CPU.ActiveCfg = Debug|Any CPU
		{59F67E42-2B90-4A48-B226-A2156CC394B9}.Debug|Any CPU.Build.0 = Debug|Any CPU
		{59F67E42-2B90-4A48-B226-A2156CC394B9}.Release|Any CPU.ActiveCfg = Release|Any CPU
		{59F67E42-2B90-4A48-B226-A2156CC394B9}.Release|Any CPU.Build.0 = Release|Any CPU
		{D77D5FAE-0358-435D-AC75-6C3A6D283859}.Debug|Any CPU.ActiveCfg = Debug|Any CPU
		{D77D5FAE-0358-435D-AC75-6C3A6D283859}.Debug|Any CPU.Build.0 = Debug|Any CPU
		{D77D5FAE-0358-435D-AC75-6C3A6D283859}.Release|Any CPU.ActiveCfg = Release|Any CPU
		{D77D5FAE-0358-435D-AC75-6C3A6D283859}.Release|Any CPU.Build.0 = Release|Any CPU
	EndGlobalSection
	GlobalSection(SolutionProperties) = preSolution
		HideSolutionNode = FALSE
	EndGlobalSection
	GlobalSection(ExtensibilityGlobals) = postSolution
		SolutionGuid = {47F110A8-A094-445F-8730-1B8F969EA228}
	EndGlobalSection
EndGlobal
